
Microsoft Visual Studio Solution File, Format Version 12.00
# Visual Studio Version 17
VisualStudioVersion = 17.1.32421.90
MinimumVisualStudioVersion = 10.0.40219.1
Project("{FAE04EC0-301F-11D3-BF4B-00C04F79EFBC}") = "DegreeMapping", "DegreeMapping.csproj", "{2F79DB6B-ECEF-489B-A366-5B6DA352FB7E}"
EndProject
Project("{FAE04EC0-301F-11D3-BF4B-00C04F79EFBC}") = "DegreeMapperWebAPI", "..\DegreeMapper\DegreeMapper\DegreeMapperWebAPI.csproj", "{D8DFF84B-3E06-442E-AC41-55F293E3A4E9}"
EndProject
Global
	GlobalSection(SolutionConfigurationPlatforms) = preSolution
		Debug|Any CPU = Debug|Any CPU
		Release|Any CPU = Release|Any CPU
	EndGlobalSection
	GlobalSection(ProjectConfigurationPlatforms) = postSolution
		{2F79DB6B-ECEF-489B-A366-5B6DA352FB7E}.Debug|Any CPU.ActiveCfg = Debug|Any CPU
		{2F79DB6B-ECEF-489B-A366-5B6DA352FB7E}.Debug|Any CPU.Build.0 = Debug|Any CPU
		{2F79DB6B-ECEF-489B-A366-5B6DA352FB7E}.Release|Any CPU.ActiveCfg = Release|Any CPU
		{2F79DB6B-ECEF-489B-A366-5B6DA352FB7E}.Release|Any CPU.Build.0 = Release|Any CPU
		{D8DFF84B-3E06-442E-AC41-55F293E3A4E9}.Debug|Any CPU.ActiveCfg = Debug|Any CPU
		{D8DFF84B-3E06-442E-AC41-55F293E3A4E9}.Debug|Any CPU.Build.0 = Debug|Any CPU
		{D8DFF84B-3E06-442E-AC41-55F293E3A4E9}.Release|Any CPU.ActiveCfg = Release|Any CPU
		{D8DFF84B-3E06-442E-AC41-55F293E3A4E9}.Release|Any CPU.Build.0 = Release|Any CPU
	EndGlobalSection
	GlobalSection(SolutionProperties) = preSolution
		HideSolutionNode = FALSE
	EndGlobalSection
	GlobalSection(ExtensibilityGlobals) = postSolution
		SolutionGuid = {4C32EAB8-17A3-419A-96A7-FAAB3363971D}
	EndGlobalSection
EndGlobal
